
Microsoft Visual Studio Solution File, Format Version 12.00
# Visual Studio Version 17
VisualStudioVersion = 17.3.32804.467
MinimumVisualStudioVersion = 10.0.40219.1
Project("{FAE04EC0-301F-11D3-BF4B-00C04F79EFBC}") = "Phase2Projecct", "Phase2Projecct.csproj", "{68A2B02B-CA27-4BC3-98FA-40F7952597B5}"
EndProject
Global
	GlobalSection(SolutionConfigurationPlatforms) = preSolution
		Debug|Any CPU = Debug|Any CPU
		Release|Any CPU = Release|Any CPU
	EndGlobalSection
	GlobalSection(ProjectConfigurationPlatforms) = postSolution
		{68A2B02B-CA27-4BC3-98FA-40F7952597B5}.Debug|Any CPU.ActiveCfg = Debug|Any CPU
		{68A2B02B-CA27-4BC3-98FA-40F7952597B5}.Debug|Any CPU.Build.0 = Debug|Any CPU
		{68A2B02B-CA27-4BC3-98FA-40F7952597B5}.Release|Any CPU.ActiveCfg = Release|Any CPU
		{68A2B02B-CA27-4BC3-98FA-40F7952597B5}.Release|Any CPU.Build.0 = Release|Any CPU
	EndGlobalSection
	GlobalSection(SolutionProperties) = preSolution
		HideSolutionNode = FALSE
	EndGlobalSection
	GlobalSection(ExtensibilityGlobals) = postSolution
		SolutionGuid = {3D92508C-9923-44D3-8BF0-968986210819}
	EndGlobalSection
EndGlobal
